
Microsoft Visual Studio Solution File, Format Version 12.00
# Visual Studio Version 17
VisualStudioVersion = 17.8.34511.84
MinimumVisualStudioVersion = 10.0.40219.1
Project("{FAE04EC0-301F-11D3-BF4B-00C04F79EFBC}") = "fortobanza1", "fortobanza1\fortobanza1.csproj", "{DC394C1E-58AF-432F-840E-91C66D481472}"
EndProject
Global
	GlobalSection(SolutionConfigurationPlatforms) = preSolution
		Debug|Any CPU = Debug|Any CPU
		Release|Any CPU = Release|Any CPU
	EndGlobalSection
	GlobalSection(ProjectConfigurationPlatforms) = postSolution
		{DC394C1E-58AF-432F-840E-91C66D481472}.Debug|Any CPU.ActiveCfg = Debug|Any CPU
		{DC394C1E-58AF-432F-840E-91C66D481472}.Debug|Any CPU.Build.0 = Debug|Any CPU
		{DC394C1E-58AF-432F-840E-91C66D481472}.Release|Any CPU.ActiveCfg = Release|Any CPU
		{DC394C1E-58AF-432F-840E-91C66D481472}.Release|Any CPU.Build.0 = Release|Any CPU
	EndGlobalSection
	GlobalSection(SolutionProperties) = preSolution
		HideSolutionNode = FALSE
	EndGlobalSection
	GlobalSection(ExtensibilityGlobals) = postSolution
		SolutionGuid = {5338C230-A129-4A2C-9470-92FECBCE95BA}
	EndGlobalSection
EndGlobal
